
Microsoft Visual Studio Solution File, Format Version 12.00
# Visual Studio Express 2012 for Windows Desktop
Project("{FAE04EC0-301F-11D3-BF4B-00C04F79EFBC}") = "sandbox2012Express", "sandbox2012Express\sandbox2012Express.csproj", "{37608608-ED2C-42A2-AEE5-626DC3A111EB}"
EndProject
Global
	GlobalSection(SolutionConfigurationPlatforms) = preSolution
		Debug|Any CPU = Debug|Any CPU
		Release|Any CPU = Release|Any CPU
	EndGlobalSection
	GlobalSection(ProjectConfigurationPlatforms) = postSolution
		{37608608-ED2C-42A2-AEE5-626DC3A111EB}.Debug|Any CPU.ActiveCfg = Debug|Any CPU
		{37608608-ED2C-42A2-AEE5-626DC3A111EB}.Debug|Any CPU.Build.0 = Debug|Any CPU
		{37608608-ED2C-42A2-AEE5-626DC3A111EB}.Release|Any CPU.ActiveCfg = Release|Any CPU
		{37608608-ED2C-42A2-AEE5-626DC3A111EB}.Release|Any CPU.Build.0 = Release|Any CPU
	EndGlobalSection
	GlobalSection(SolutionProperties) = preSolution
		HideSolutionNode = FALSE
	EndGlobalSection
EndGlobal
